
Microsoft Visual Studio Solution File, Format Version 12.00
# Visual Studio Version 17
VisualStudioVersion = 17.7.34024.191
MinimumVisualStudioVersion = 10.0.40219.1
Project("{8BC9CEB8-8B4A-11D0-8D11-00A0C91BC942}") = "Chap18", "Chap18\Chap18.vcxproj", "{F0134562-5B12-4D8F-BDD8-4034A844294C}"
EndProject
Global
	GlobalSection(SolutionConfigurationPlatforms) = preSolution
		Debug|x64 = Debug|x64
		Debug|x86 = Debug|x86
		Release|x64 = Release|x64
		Release|x86 = Release|x86
	EndGlobalSection
	GlobalSection(ProjectConfigurationPlatforms) = postSolution
		{F0134562-5B12-4D8F-BDD8-4034A844294C}.Debug|x64.ActiveCfg = Debug|x64
		{F0134562-5B12-4D8F-BDD8-4034A844294C}.Debug|x64.Build.0 = Debug|x64
		{F0134562-5B12-4D8F-BDD8-4034A844294C}.Debug|x86.ActiveCfg = Debug|Win32
		{F0134562-5B12-4D8F-BDD8-4034A844294C}.Debug|x86.Build.0 = Debug|Win32
		{F0134562-5B12-4D8F-BDD8-4034A844294C}.Release|x64.ActiveCfg = Release|x64
		{F0134562-5B12-4D8F-BDD8-4034A844294C}.Release|x64.Build.0 = Release|x64
		{F0134562-5B12-4D8F-BDD8-4034A844294C}.Release|x86.ActiveCfg = Release|Win32
		{F0134562-5B12-4D8F-BDD8-4034A844294C}.Release|x86.Build.0 = Release|Win32
	EndGlobalSection
	GlobalSection(SolutionProperties) = preSolution
		HideSolutionNode = FALSE
	EndGlobalSection
	GlobalSection(ExtensibilityGlobals) = postSolution
		SolutionGuid = {C16C938A-8241-4422-9AC7-7CD8FE84BC65}
	EndGlobalSection
EndGlobal
